
Microsoft Visual Studio Solution File, Format Version 12.00
# Visual Studio 2012
Project("{FAE04EC0-301F-11D3-BF4B-00C04F79EFBC}") = "InvaderGameConsole", "InvaderGameConsole\InvaderGameConsole.csproj", "{B5C5A196-8B4D-404E-B0A2-2718B7E2FF87}"
EndProject
Global
	GlobalSection(SolutionConfigurationPlatforms) = preSolution
		Debug|x86 = Debug|x86
		Release|x86 = Release|x86
	EndGlobalSection
	GlobalSection(ProjectConfigurationPlatforms) = postSolution
		{B5C5A196-8B4D-404E-B0A2-2718B7E2FF87}.Debug|x86.ActiveCfg = Debug|x86
		{B5C5A196-8B4D-404E-B0A2-2718B7E2FF87}.Debug|x86.Build.0 = Debug|x86
		{B5C5A196-8B4D-404E-B0A2-2718B7E2FF87}.Release|x86.ActiveCfg = Release|x86
		{B5C5A196-8B4D-404E-B0A2-2718B7E2FF87}.Release|x86.Build.0 = Release|x86
	EndGlobalSection
EndGlobal
